
Microsoft Visual Studio Solution File, Format Version 12.00
# Visual Studio Version 17
VisualStudioVersion = 17.14.36212.18
MinimumVisualStudioVersion = 10.0.40219.1
Project("{FAE04EC0-301F-11D3-BF4B-00C04F79EFBC}") = "MauiExpenseTrackerApp", "MauiExpenseTrackerApp\MauiExpenseTrackerApp.csproj", "{86A350AD-EDE8-492E-A510-6CB19F02B223}"
EndProject
Global
	GlobalSection(SolutionConfigurationPlatforms) = preSolution
		Debug|Any CPU = Debug|Any CPU
		Release|Any CPU = Release|Any CPU
	EndGlobalSection
	GlobalSection(ProjectConfigurationPlatforms) = postSolution
		{86A350AD-EDE8-492E-A510-6CB19F02B223}.Debug|Any CPU.ActiveCfg = Debug|Any CPU
		{86A350AD-EDE8-492E-A510-6CB19F02B223}.Debug|Any CPU.Build.0 = Debug|Any CPU
		{86A350AD-EDE8-492E-A510-6CB19F02B223}.Debug|Any CPU.Deploy.0 = Debug|Any CPU
		{86A350AD-EDE8-492E-A510-6CB19F02B223}.Release|Any CPU.ActiveCfg = Release|Any CPU
		{86A350AD-EDE8-492E-A510-6CB19F02B223}.Release|Any CPU.Build.0 = Release|Any CPU
	EndGlobalSection
	GlobalSection(SolutionProperties) = preSolution
		HideSolutionNode = FALSE
	EndGlobalSection
	GlobalSection(ExtensibilityGlobals) = postSolution
		SolutionGuid = {B56F1D5A-C867-47C9-8A48-5BBBF36CB766}
	EndGlobalSection
EndGlobal
